
Microsoft Visual Studio Solution File, Format Version 12.00
# Visual Studio Version 16
VisualStudioVersion = 16.0.31624.102
MinimumVisualStudioVersion = 10.0.40219.1
Project("{9A19103F-16F7-4668-BE54-9A1E7A4F7556}") = "URLShortnerMVC", "URLShortnerMVC\URLShortnerMVC.csproj", "{C24DE187-A56E-4FB1-8796-E413F12500E8}"
EndProject
Project("{00D1A9C2-B5F0-4AF3-8072-F6C62B433612}") = "URLShortnerDB", "URLShortnerDB\URLShortnerDB.sqlproj", "{55AB36BF-52E0-4250-85E0-1DE53580536D}"
EndProject
Project("{FAE04EC0-301F-11D3-BF4B-00C04F79EFBC}") = "DataLibrary", "DataLibrary\DataLibrary.csproj", "{5856FCD4-1F49-447D-9B83-2A5F6E786A9D}"
EndProject
Global
	GlobalSection(SolutionConfigurationPlatforms) = preSolution
		Debug|Any CPU = Debug|Any CPU
		Release|Any CPU = Release|Any CPU
	EndGlobalSection
	GlobalSection(ProjectConfigurationPlatforms) = postSolution
		{C24DE187-A56E-4FB1-8796-E413F12500E8}.Debug|Any CPU.ActiveCfg = Debug|Any CPU
		{C24DE187-A56E-4FB1-8796-E413F12500E8}.Debug|Any CPU.Build.0 = Debug|Any CPU
		{C24DE187-A56E-4FB1-8796-E413F12500E8}.Release|Any CPU.ActiveCfg = Release|Any CPU
		{C24DE187-A56E-4FB1-8796-E413F12500E8}.Release|Any CPU.Build.0 = Release|Any CPU
		{55AB36BF-52E0-4250-85E0-1DE53580536D}.Debug|Any CPU.ActiveCfg = Debug|Any CPU
		{55AB36BF-52E0-4250-85E0-1DE53580536D}.Debug|Any CPU.Build.0 = Debug|Any CPU
		{55AB36BF-52E0-4250-85E0-1DE53580536D}.Debug|Any CPU.Deploy.0 = Debug|Any CPU
		{55AB36BF-52E0-4250-85E0-1DE53580536D}.Release|Any CPU.ActiveCfg = Release|Any CPU
		{55AB36BF-52E0-4250-85E0-1DE53580536D}.Release|Any CPU.Build.0 = Release|Any CPU
		{55AB36BF-52E0-4250-85E0-1DE53580536D}.Release|Any CPU.Deploy.0 = Release|Any CPU
		{5856FCD4-1F49-447D-9B83-2A5F6E786A9D}.Debug|Any CPU.ActiveCfg = Debug|Any CPU
		{5856FCD4-1F49-447D-9B83-2A5F6E786A9D}.Debug|Any CPU.Build.0 = Debug|Any CPU
		{5856FCD4-1F49-447D-9B83-2A5F6E786A9D}.Release|Any CPU.ActiveCfg = Release|Any CPU
		{5856FCD4-1F49-447D-9B83-2A5F6E786A9D}.Release|Any CPU.Build.0 = Release|Any CPU
	EndGlobalSection
	GlobalSection(SolutionProperties) = preSolution
		HideSolutionNode = FALSE
	EndGlobalSection
	GlobalSection(ExtensibilityGlobals) = postSolution
		SolutionGuid = {92AC958C-EDB0-4796-B337-1A7EA331600D}
	EndGlobalSection
EndGlobal
